
Microsoft Visual Studio Solution File, Format Version 12.00
# Visual Studio Version 16
VisualStudioVersion = 16.0.32901.82
MinimumVisualStudioVersion = 10.0.40219.1
Project("{FAE04EC0-301F-11D3-BF4B-00C04F79EFBC}") = "Marketplace.AlfaPeople.ConsoleApplication", "Marketplace.AlfaPeople.ConsoleApplication\Marketplace.AlfaPeople.ConsoleApplication.csproj", "{D7CEE209-6F56-44D3-9F08-C04B2419F687}"
EndProject
Global
	GlobalSection(SolutionConfigurationPlatforms) = preSolution
		Debug|Any CPU = Debug|Any CPU
		Release|Any CPU = Release|Any CPU
	EndGlobalSection
	GlobalSection(ProjectConfigurationPlatforms) = postSolution
		{D7CEE209-6F56-44D3-9F08-C04B2419F687}.Debug|Any CPU.ActiveCfg = Debug|Any CPU
		{D7CEE209-6F56-44D3-9F08-C04B2419F687}.Debug|Any CPU.Build.0 = Debug|Any CPU
		{D7CEE209-6F56-44D3-9F08-C04B2419F687}.Release|Any CPU.ActiveCfg = Release|Any CPU
		{D7CEE209-6F56-44D3-9F08-C04B2419F687}.Release|Any CPU.Build.0 = Release|Any CPU
	EndGlobalSection
	GlobalSection(SolutionProperties) = preSolution
		HideSolutionNode = FALSE
	EndGlobalSection
	GlobalSection(ExtensibilityGlobals) = postSolution
		SolutionGuid = {9F968465-769F-437D-8D05-6F918B3C8B33}
	EndGlobalSection
EndGlobal
